// !$*UTF8*$!
{
	archiveVersion = 1;
	classes = {
	};
	objectVersion = 46;
	objects = {

/* Begin PBXBuildFile section */
		655A0E9418428D3A00F285DF /* about.html in Resources */ = {isa = PBXBuildFile; fileRef = 655A0E9318428D3A00F285DF /* about.html */; };
		655A0E9718428D7100F285DF /* AboutWindow.xib in Resources */ = {isa = PBXBuildFile; fileRef = 655A0E9618428D7100F285DF /* AboutWindow.xib */; };
		655A0E9A18428E1000F285DF /* AboutWindowWindowController.m in Sources */ = {isa = PBXBuildFile; fileRef = 655A0E9918428E1000F285DF /* AboutWindowWindowController.m */; };
		655A0E9C18428EC000F285DF /* WebKit.framework in Frameworks */ = {isa = PBXBuildFile; fileRef = 655A0E9B18428EC000F285DF /* WebKit.framework */; };
		655DF4891840A50F000ACE19 /* Cocoa.framework in Frameworks */ = {isa = PBXBuildFile; fileRef = 655DF4881840A50F000ACE19 /* Cocoa.framework */; };
		655DF4931840A50F000ACE19 /* InfoPlist.strings in Resources */ = {isa = PBXBuildFile; fileRef = 655DF4911840A50F000ACE19 /* InfoPlist.strings */; };
		655DF4951840A50F000ACE19 /* main.m in Sources */ = {isa = PBXBuildFile; fileRef = 655DF4941840A50F000ACE19 /* main.m */; };
		655DF49C1840A50F000ACE19 /* AppDelegate.m in Sources */ = {isa = PBXBuildFile; fileRef = 655DF49B1840A50F000ACE19 /* AppDelegate.m */; };
		655DF49F1840A50F000ACE19 /* MainMenu.xib in Resources */ = {isa = PBXBuildFile; fileRef = 655DF49D1840A50F000ACE19 /* MainMenu.xib */; };
		655DF4A11840A50F000ACE19 /* Images.xcassets in Resources */ = {isa = PBXBuildFile; fileRef = 655DF4A01840A50F000ACE19 /* Images.xcassets */; };
		655DF4A81840A50F000ACE19 /* XCTest.framework in Frameworks */ = {isa = PBXBuildFile; fileRef = 655DF4A71840A50F000ACE19 /* XCTest.framework */; };
		655DF4A91840A50F000ACE19 /* Cocoa.framework in Frameworks */ = {isa = PBXBuildFile; fileRef = 655DF4881840A50F000ACE19 /* Cocoa.framework */; };
		655DF4B11840A50F000ACE19 /* InfoPlist.strings in Resources */ = {isa = PBXBuildFile; fileRef = 655DF4AF1840A50F000ACE19 /* InfoPlist.strings */; };
		655DF4B31840A50F000ACE19 /* MongoAppTests.m in Sources */ = {isa = PBXBuildFile; fileRef = 655DF4B21840A50F000ACE19 /* MongoAppTests.m */; };
		655DF4E61841AB60000ACE19 /* GNU-AGPL-3.0 in Resources */ = {isa = PBXBuildFile; fileRef = 655DF4D51841AB60000ACE19 /* GNU-AGPL-3.0 */; };
		655DF4E71841AB60000ACE19 /* README in Resources */ = {isa = PBXBuildFile; fileRef = 655DF4D61841AB60000ACE19 /* README */; };
		655DF4E81841AB60000ACE19 /* THIRD-PARTY-NOTICES in Resources */ = {isa = PBXBuildFile; fileRef = 655DF4D71841AB60000ACE19 /* THIRD-PARTY-NOTICES */; };
		655DF5101841AC06000ACE19 /* bsondump in CopyFiles */ = {isa = PBXBuildFile; fileRef = 655DF4C71841AB60000ACE19 /* bsondump */; };
		655DF5111841AC06000ACE19 /* mongo in CopyFiles */ = {isa = PBXBuildFile; fileRef = 655DF4C81841AB60000ACE19 /* mongo */; };
		655DF5121841AC06000ACE19 /* mongod in CopyFiles */ = {isa = PBXBuildFile; fileRef = 655DF4C91841AB60000ACE19 /* mongod */; };
		655DF5131841AC06000ACE19 /* mongodump in CopyFiles */ = {isa = PBXBuildFile; fileRef = 655DF4CA1841AB60000ACE19 /* mongodump */; };
		655DF5141841AC06000ACE19 /* mongoexport in CopyFiles */ = {isa = PBXBuildFile; fileRef = 655DF4CB1841AB60000ACE19 /* mongoexport */; };
		655DF5151841AC06000ACE19 /* mongofiles in CopyFiles */ = {isa = PBXBuildFile; fileRef = 655DF4CC1841AB60000ACE19 /* mongofiles */; };
		655DF5161841AC06000ACE19 /* mongoimport in CopyFiles */ = {isa = PBXBuildFile; fileRef = 655DF4CD1841AB60000ACE19 /* mongoimport */; };
		655DF5171841AC06000ACE19 /* mongooplog in CopyFiles */ = {isa = PBXBuildFile; fileRef = 655DF4CE1841AB60000ACE19 /* mongooplog */; };
		655DF5181841AC06000ACE19 /* mongoperf in CopyFiles */ = {isa = PBXBuildFile; fileRef = 655DF4CF1841AB60000ACE19 /* mongoperf */; };
		655DF5191841AC06000ACE19 /* mongorestore in CopyFiles */ = {isa = PBXBuildFile; fileRef = 655DF4D01841AB60000ACE19 /* mongorestore */; };
		655DF51A1841AC06000ACE19 /* mongos in CopyFiles */ = {isa = PBXBuildFile; fileRef = 655DF4D11841AB60000ACE19 /* mongos */; };
		655DF51B1841AC06000ACE19 /* mongosniff in CopyFiles */ = {isa = PBXBuildFile; fileRef = 655DF4D21841AB60000ACE19 /* mongosniff */; };
		655DF51C1841AC06000ACE19 /* mongostat in CopyFiles */ = {isa = PBXBuildFile; fileRef = 655DF4D31841AB60000ACE19 /* mongostat */; };
		655DF51D1841AC06000ACE19 /* mongotop in CopyFiles */ = {isa = PBXBuildFile; fileRef = 655DF4D41841AB60000ACE19 /* mongotop */; };
/* End PBXBuildFile section */

/* Begin PBXContainerItemProxy section */
		655DF4AA1840A50F000ACE19 /* PBXContainerItemProxy */ = {
			isa = PBXContainerItemProxy;
			containerPortal = 655DF47D1840A50F000ACE19 /* Project object */;
			proxyType = 1;
			remoteGlobalIDString = 655DF4841840A50F000ACE19;
			remoteInfo = MongoApp;
		};
/* End PBXContainerItemProxy section */

/* Begin PBXCopyFilesBuildPhase section */
		655DF4C41841495A000ACE19 /* CopyFiles */ = {
			isa = PBXCopyFilesBuildPhase;
			buildActionMask = 2147483647;
			dstPath = bin;
			dstSubfolderSpec = 7;
			files = (
				655DF5101841AC06000ACE19 /* bsondump in CopyFiles */,
				655DF5111841AC06000ACE19 /* mongo in CopyFiles */,
				655DF5121841AC06000ACE19 /* mongod in CopyFiles */,
				655DF5131841AC06000ACE19 /* mongodump in CopyFiles */,
				655DF5141841AC06000ACE19 /* mongoexport in CopyFiles */,
				655DF5151841AC06000ACE19 /* mongofiles in CopyFiles */,
				655DF5161841AC06000ACE19 /* mongoimport in CopyFiles */,
				655DF5171841AC06000ACE19 /* mongooplog in CopyFiles */,
				655DF5181841AC06000ACE19 /* mongoperf in CopyFiles */,
				655DF5191841AC06000ACE19 /* mongorestore in CopyFiles */,
				655DF51A1841AC06000ACE19 /* mongos in CopyFiles */,
				655DF51B1841AC06000ACE19 /* mongosniff in CopyFiles */,
				655DF51C1841AC06000ACE19 /* mongostat in CopyFiles */,
				655DF51D1841AC06000ACE19 /* mongotop in CopyFiles */,
			);
			runOnlyForDeploymentPostprocessing = 0;
		};
/* End PBXCopyFilesBuildPhase section */

/* Begin PBXFileReference section */
		655A0E9318428D3A00F285DF /* about.html */ = {isa = PBXFileReference; fileEncoding = 4; lastKnownFileType = text.html; path = about.html; sourceTree = "<group>"; };
		655A0E9618428D7100F285DF /* AboutWindow.xib */ = {isa = PBXFileReference; fileEncoding = 4; lastKnownFileType = file.xib; path = AboutWindow.xib; sourceTree = "<group>"; };
		655A0E9818428E1000F285DF /* AboutWindowWindowController.h */ = {isa = PBXFileReference; fileEncoding = 4; lastKnownFileType = sourcecode.c.h; path = AboutWindowWindowController.h; sourceTree = "<group>"; };
		655A0E9918428E1000F285DF /* AboutWindowWindowController.m */ = {isa = PBXFileReference; fileEncoding = 4; lastKnownFileType = sourcecode.c.objc; path = AboutWindowWindowController.m; sourceTree = "<group>"; };
		655A0E9B18428EC000F285DF /* WebKit.framework */ = {isa = PBXFileReference; lastKnownFileType = wrapper.framework; name = WebKit.framework; path = System/Library/Frameworks/WebKit.framework; sourceTree = SDKROOT; };
		655DF4851840A50F000ACE19 /* MongoApp.app */ = {isa = PBXFileReference; explicitFileType = wrapper.application; includeInIndex = 0; path = MongoApp.app; sourceTree = BUILT_PRODUCTS_DIR; };
		655DF4881840A50F000ACE19 /* Cocoa.framework */ = {isa = PBXFileReference; lastKnownFileType = wrapper.framework; name = Cocoa.framework; path = System/Library/Frameworks/Cocoa.framework; sourceTree = SDKROOT; };
		655DF48B1840A50F000ACE19 /* AppKit.framework */ = {isa = PBXFileReference; lastKnownFileType = wrapper.framework; name = AppKit.framework; path = System/Library/Frameworks/AppKit.framework; sourceTree = SDKROOT; };
		655DF48C1840A50F000ACE19 /* CoreData.framework */ = {isa = PBXFileReference; lastKnownFileType = wrapper.framework; name = CoreData.framework; path = System/Library/Frameworks/CoreData.framework; sourceTree = SDKROOT; };
		655DF48D1840A50F000ACE19 /* Foundation.framework */ = {isa = PBXFileReference; lastKnownFileType = wrapper.framework; name = Foundation.framework; path = System/Library/Frameworks/Foundation.framework; sourceTree = SDKROOT; };
		655DF4901840A50F000ACE19 /* MongoApp-Info.plist */ = {isa = PBXFileReference; lastKnownFileType = text.plist.xml; path = "MongoApp-Info.plist"; sourceTree = "<group>"; };
		655DF4921840A50F000ACE19 /* en */ = {isa = PBXFileReference; lastKnownFileType = text.plist.strings; name = en; path = en.lproj/InfoPlist.strings; sourceTree = "<group>"; };
		655DF4941840A50F000ACE19 /* main.m */ = {isa = PBXFileReference; lastKnownFileType = sourcecode.c.objc; path = main.m; sourceTree = "<group>"; };
		655DF4961840A50F000ACE19 /* MongoApp-Prefix.pch */ = {isa = PBXFileReference; lastKnownFileType = sourcecode.c.h; path = "MongoApp-Prefix.pch"; sourceTree = "<group>"; };
		655DF49A1840A50F000ACE19 /* AppDelegate.h */ = {isa = PBXFileReference; lastKnownFileType = sourcecode.c.h; path = AppDelegate.h; sourceTree = "<group>"; };
		655DF49B1840A50F000ACE19 /* AppDelegate.m */ = {isa = PBXFileReference; lastKnownFileType = sourcecode.c.objc; path = AppDelegate.m; sourceTree = "<group>"; };
		655DF49E1840A50F000ACE19 /* Base */ = {isa = PBXFileReference; lastKnownFileType = file.xib; name = Base; path = Base.lproj/MainMenu.xib; sourceTree = "<group>"; };
		655DF4A01840A50F000ACE19 /* Images.xcassets */ = {isa = PBXFileReference; lastKnownFileType = folder.assetcatalog; path = Images.xcassets; sourceTree = "<group>"; };
		655DF4A61840A50F000ACE19 /* MongoAppTests.xctest */ = {isa = PBXFileReference; explicitFileType = wrapper.cfbundle; includeInIndex = 0; path = MongoAppTests.xctest; sourceTree = BUILT_PRODUCTS_DIR; };
		655DF4A71840A50F000ACE19 /* XCTest.framework */ = {isa = PBXFileReference; lastKnownFileType = wrapper.framework; name = XCTest.framework; path = Library/Frameworks/XCTest.framework; sourceTree = DEVELOPER_DIR; };
		655DF4AE1840A50F000ACE19 /* MongoAppTests-Info.plist */ = {isa = PBXFileReference; lastKnownFileType = text.plist.xml; path = "MongoAppTests-Info.plist"; sourceTree = "<group>"; };
		655DF4B01840A50F000ACE19 /* en */ = {isa = PBXFileReference; lastKnownFileType = text.plist.strings; name = en; path = en.lproj/InfoPlist.strings; sourceTree = "<group>"; };
		655DF4B21840A50F000ACE19 /* MongoAppTests.m */ = {isa = PBXFileReference; lastKnownFileType = sourcecode.c.objc; path = MongoAppTests.m; sourceTree = "<group>"; };
		655DF4C21840AE6F000ACE19 /* MongoApp.entitlements */ = {isa = PBXFileReference; lastKnownFileType = text.xml; path = MongoApp.entitlements; sourceTree = "<group>"; };
		655DF4C71841AB60000ACE19 /* bsondump */ = {isa = PBXFileReference; lastKnownFileType = "compiled.mach-o.executable"; path = bsondump; sourceTree = "<group>"; };
		655DF4C81841AB60000ACE19 /* mongo */ = {isa = PBXFileReference; lastKnownFileType = "compiled.mach-o.executable"; path = mongo; sourceTree = "<group>"; };
		655DF4C91841AB60000ACE19 /* mongod */ = {isa = PBXFileReference; lastKnownFileType = "compiled.mach-o.executable"; path = mongod; sourceTree = "<group>"; };
		655DF4CA1841AB60000ACE19 /* mongodump */ = {isa = PBXFileReference; lastKnownFileType = "compiled.mach-o.executable"; path = mongodump; sourceTree = "<group>"; };
		655DF4CB1841AB60000ACE19 /* mongoexport */ = {isa = PBXFileReference; lastKnownFileType = "compiled.mach-o.executable"; path = mongoexport; sourceTree = "<group>"; };
		655DF4CC1841AB60000ACE19 /* mongofiles */ = {isa = PBXFileReference; lastKnownFileType = "compiled.mach-o.executable"; path = mongofiles; sourceTree = "<group>"; };
		655DF4CD1841AB60000ACE19 /* mongoimport */ = {isa = PBXFileReference; lastKnownFileType = "compiled.mach-o.executable"; path = mongoimport; sourceTree = "<group>"; };
		655DF4CE1841AB60000ACE19 /* mongooplog */ = {isa = PBXFileReference; lastKnownFileType = "compiled.mach-o.executable"; path = mongooplog; sourceTree = "<group>"; };
		655DF4CF1841AB60000ACE19 /* mongoperf */ = {isa = PBXFileReference; lastKnownFileType = "compiled.mach-o.executable"; path = mongoperf; sourceTree = "<group>"; };
		655DF4D01841AB60000ACE19 /* mongorestore */ = {isa = PBXFileReference; lastKnownFileType = "compiled.mach-o.executable"; path = mongorestore; sourceTree = "<group>"; };
		655DF4D11841AB60000ACE19 /* mongos */ = {isa = PBXFileReference; lastKnownFileType = "compiled.mach-o.executable"; path = mongos; sourceTree = "<group>"; };
		655DF4D21841AB60000ACE19 /* mongosniff */ = {isa = PBXFileReference; lastKnownFileType = "compiled.mach-o.executable"; path = mongosniff; sourceTree = "<group>"; };
		655DF4D31841AB60000ACE19 /* mongostat */ = {isa = PBXFileReference; lastKnownFileType = "compiled.mach-o.executable"; path = mongostat; sourceTree = "<group>"; };
		655DF4D41841AB60000ACE19 /* mongotop */ = {isa = PBXFileReference; lastKnownFileType = "compiled.mach-o.executable"; path = mongotop; sourceTree = "<group>"; };
		655DF4D51841AB60000ACE19 /* GNU-AGPL-3.0 */ = {isa = PBXFileReference; fileEncoding = 4; lastKnownFileType = text; name = "GNU-AGPL-3.0"; path = "mongo/mongodb/GNU-AGPL-3.0"; sourceTree = "<group>"; };
		655DF4D61841AB60000ACE19 /* README */ = {isa = PBXFileReference; fileEncoding = 4; lastKnownFileType = text; name = README; path = mongo/mongodb/README; sourceTree = "<group>"; };
		655DF4D71841AB60000ACE19 /* THIRD-PARTY-NOTICES */ = {isa = PBXFileReference; fileEncoding = 4; lastKnownFileType = text; name = "THIRD-PARTY-NOTICES"; path = "mongo/mongodb/THIRD-PARTY-NOTICES"; sourceTree = "<group>"; };
/* End PBXFileReference section */

/* Begin PBXFrameworksBuildPhase section */
		655DF4821840A50F000ACE19 /* Frameworks */ = {
			isa = PBXFrameworksBuildPhase;
			buildActionMask = 2147483647;
			files = (
				655A0E9C18428EC000F285DF /* WebKit.framework in Frameworks */,
				655DF4891840A50F000ACE19 /* Cocoa.framework in Frameworks */,
			);
			runOnlyForDeploymentPostprocessing = 0;
		};
		655DF4A31840A50F000ACE19 /* Frameworks */ = {
			isa = PBXFrameworksBuildPhase;
			buildActionMask = 2147483647;
			files = (
				655DF4A91840A50F000ACE19 /* Cocoa.framework in Frameworks */,
				655DF4A81840A50F000ACE19 /* XCTest.framework in Frameworks */,
			);
			runOnlyForDeploymentPostprocessing = 0;
		};
/* End PBXFrameworksBuildPhase section */

/* Begin PBXGroup section */
		655A0E9518428D4300F285DF /* Resources */ = {
			isa = PBXGroup;
			children = (
				655DF49D1840A50F000ACE19 /* MainMenu.xib */,
				655A0E9318428D3A00F285DF /* about.html */,
				655A0E9618428D7100F285DF /* AboutWindow.xib */,
			);
			name = Resources;
			sourceTree = "<group>";
		};
		655DF47C1840A50F000ACE19 = {
			isa = PBXGroup;
			children = (
				655DF4C51841AAD3000ACE19 /* mongodb */,
				655DF48E1840A50F000ACE19 /* MongoApp */,
				655DF4AC1840A50F000ACE19 /* MongoAppTests */,
				655DF4871840A50F000ACE19 /* Frameworks */,
				655DF4861840A50F000ACE19 /* Products */,
			);
			sourceTree = "<group>";
		};
		655DF4861840A50F000ACE19 /* Products */ = {
			isa = PBXGroup;
			children = (
				655DF4851840A50F000ACE19 /* MongoApp.app */,
				655DF4A61840A50F000ACE19 /* MongoAppTests.xctest */,
			);
			name = Products;
			sourceTree = "<group>";
		};
		655DF4871840A50F000ACE19 /* Frameworks */ = {
			isa = PBXGroup;
			children = (
				655A0E9B18428EC000F285DF /* WebKit.framework */,
				655DF4881840A50F000ACE19 /* Cocoa.framework */,
				655DF4A71840A50F000ACE19 /* XCTest.framework */,
				655DF48A1840A50F000ACE19 /* Other Frameworks */,
			);
			name = Frameworks;
			sourceTree = "<group>";
		};
		655DF48A1840A50F000ACE19 /* Other Frameworks */ = {
			isa = PBXGroup;
			children = (
				655DF48B1840A50F000ACE19 /* AppKit.framework */,
				655DF48C1840A50F000ACE19 /* CoreData.framework */,
				655DF48D1840A50F000ACE19 /* Foundation.framework */,
			);
			name = "Other Frameworks";
			sourceTree = "<group>";
		};
		655DF48E1840A50F000ACE19 /* MongoApp */ = {
			isa = PBXGroup;
			children = (
				655A0E9518428D4300F285DF /* Resources */,
				655DF4C21840AE6F000ACE19 /* MongoApp.entitlements */,
				655DF49A1840A50F000ACE19 /* AppDelegate.h */,
				655DF49B1840A50F000ACE19 /* AppDelegate.m */,
				655A0E9818428E1000F285DF /* AboutWindowWindowController.h */,
				655A0E9918428E1000F285DF /* AboutWindowWindowController.m */,
				655DF4A01840A50F000ACE19 /* Images.xcassets */,
				655DF48F1840A50F000ACE19 /* Supporting Files */,
			);
			path = MongoApp;
			sourceTree = "<group>";
		};
		655DF48F1840A50F000ACE19 /* Supporting Files */ = {
			isa = PBXGroup;
			children = (
				655DF4901840A50F000ACE19 /* MongoApp-Info.plist */,
				655DF4911840A50F000ACE19 /* InfoPlist.strings */,
				655DF4941840A50F000ACE19 /* main.m */,
				655DF4961840A50F000ACE19 /* MongoApp-Prefix.pch */,
			);
			name = "Supporting Files";
			sourceTree = "<group>";
		};
		655DF4AC1840A50F000ACE19 /* MongoAppTests */ = {
			isa = PBXGroup;
			children = (
				655DF4B21840A50F000ACE19 /* MongoAppTests.m */,
				655DF4AD1840A50F000ACE19 /* Supporting Files */,
			);
			path = MongoAppTests;
			sourceTree = "<group>";
		};
		655DF4AD1840A50F000ACE19 /* Supporting Files */ = {
			isa = PBXGroup;
			children = (
				655DF4AE1840A50F000ACE19 /* MongoAppTests-Info.plist */,
				655DF4AF1840A50F000ACE19 /* InfoPlist.strings */,
			);
			name = "Supporting Files";
			sourceTree = "<group>";
		};
		655DF4C51841AAD3000ACE19 /* mongodb */ = {
			isa = PBXGroup;
			children = (
				655DF4C61841AB60000ACE19 /* bin */,
				655DF4D51841AB60000ACE19 /* GNU-AGPL-3.0 */,
				655DF4D61841AB60000ACE19 /* README */,
				655DF4D71841AB60000ACE19 /* THIRD-PARTY-NOTICES */,
			);
			name = mongodb;
			sourceTree = "<group>";
		};
		655DF4C61841AB60000ACE19 /* bin */ = {
			isa = PBXGroup;
			children = (
				655DF4C71841AB60000ACE19 /* bsondump */,
				655DF4C81841AB60000ACE19 /* mongo */,
				655DF4C91841AB60000ACE19 /* mongod */,
				655DF4CA1841AB60000ACE19 /* mongodump */,
				655DF4CB1841AB60000ACE19 /* mongoexport */,
				655DF4CC1841AB60000ACE19 /* mongofiles */,
				655DF4CD1841AB60000ACE19 /* mongoimport */,
				655DF4CE1841AB60000ACE19 /* mongooplog */,
				655DF4CF1841AB60000ACE19 /* mongoperf */,
				655DF4D01841AB60000ACE19 /* mongorestore */,
				655DF4D11841AB60000ACE19 /* mongos */,
				655DF4D21841AB60000ACE19 /* mongosniff */,
				655DF4D31841AB60000ACE19 /* mongostat */,
				655DF4D41841AB60000ACE19 /* mongotop */,
			);
			name = bin;
			path = mongo/mongodb/bin;
			sourceTree = "<group>";
		};
/* End PBXGroup section */

/* Begin PBXNativeTarget section */
		655DF4841840A50F000ACE19 /* MongoApp */ = {
			isa = PBXNativeTarget;
			buildConfigurationList = 655DF4B61840A50F000ACE19 /* Build configuration list for PBXNativeTarget "MongoApp" */;
			buildPhases = (
				655DF4C31840BC0A000ACE19 /* ShellScript */,
				655DF4811840A50F000ACE19 /* Sources */,
				655DF4821840A50F000ACE19 /* Frameworks */,
				655DF4831840A50F000ACE19 /* Resources */,
				655DF4C41841495A000ACE19 /* CopyFiles */,
			);
			buildRules = (
			);
			dependencies = (
			);
			name = MongoApp;
			productName = MongoApp;
			productReference = 655DF4851840A50F000ACE19 /* MongoApp.app */;
			productType = "com.apple.product-type.application";
		};
		655DF4A51840A50F000ACE19 /* MongoAppTests */ = {
			isa = PBXNativeTarget;
			buildConfigurationList = 655DF4B91840A50F000ACE19 /* Build configuration list for PBXNativeTarget "MongoAppTests" */;
			buildPhases = (
				655DF4A21840A50F000ACE19 /* Sources */,
				655DF4A31840A50F000ACE19 /* Frameworks */,
				655DF4A41840A50F000ACE19 /* Resources */,
			);
			buildRules = (
			);
			dependencies = (
				655DF4AB1840A50F000ACE19 /* PBXTargetDependency */,
			);
			name = MongoAppTests;
			productName = MongoAppTests;
			productReference = 655DF4A61840A50F000ACE19 /* MongoAppTests.xctest */;
			productType = "com.apple.product-type.bundle.unit-test";
		};
/* End PBXNativeTarget section */

/* Begin PBXProject section */
		655DF47D1840A50F000ACE19 /* Project object */ = {
			isa = PBXProject;
			attributes = {
				LastUpgradeCheck = 0500;
				ORGANIZATIONNAME = "Daniel Parnell";
				TargetAttributes = {
					655DF4841840A50F000ACE19 = {
						DevelopmentTeam = AP4EL24GMZ;
						SystemCapabilities = {
							com.apple.Sandbox = {
								enabled = 1;
							};
						};
					};
					655DF4A51840A50F000ACE19 = {
						TestTargetID = 655DF4841840A50F000ACE19;
					};
				};
			};
			buildConfigurationList = 655DF4801840A50F000ACE19 /* Build configuration list for PBXProject "MongoApp" */;
			compatibilityVersion = "Xcode 3.2";
			developmentRegion = English;
			hasScannedForEncodings = 0;
			knownRegions = (
				en,
				Base,
			);
			mainGroup = 655DF47C1840A50F000ACE19;
			productRefGroup = 655DF4861840A50F000ACE19 /* Products */;
			projectDirPath = "";
			projectRoot = "";
			targets = (
				655DF4841840A50F000ACE19 /* MongoApp */,
				655DF4A51840A50F000ACE19 /* MongoAppTests */,
			);
		};
/* End PBXProject section */

/* Begin PBXResourcesBuildPhase section */
		655DF4831840A50F000ACE19 /* Resources */ = {
			isa = PBXResourcesBuildPhase;
			buildActionMask = 2147483647;
			files = (
				655A0E9418428D3A00F285DF /* about.html in Resources */,
				655DF4E81841AB60000ACE19 /* THIRD-PARTY-NOTICES in Resources */,
				655DF4E71841AB60000ACE19 /* README in Resources */,
				655A0E9718428D7100F285DF /* AboutWindow.xib in Resources */,
				655DF4931840A50F000ACE19 /* InfoPlist.strings in Resources */,
				655DF4A11840A50F000ACE19 /* Images.xcassets in Resources */,
				655DF49F1840A50F000ACE19 /* MainMenu.xib in Resources */,
				655DF4E61841AB60000ACE19 /* GNU-AGPL-3.0 in Resources */,
			);
			runOnlyForDeploymentPostprocessing = 0;
		};
		655DF4A41840A50F000ACE19 /* Resources */ = {
			isa = PBXResourcesBuildPhase;
			buildActionMask = 2147483647;
			files = (
				655DF4B11840A50F000ACE19 /* InfoPlist.strings in Resources */,
			);
			runOnlyForDeploymentPostprocessing = 0;
		};
/* End PBXResourcesBuildPhase section */

/* Begin PBXShellScriptBuildPhase section */
		655DF4C31840BC0A000ACE19 /* ShellScript */ = {
			isa = PBXShellScriptBuildPhase;
			buildActionMask = 2147483647;
			files = (
			);
			inputPaths = (
			);
			outputPaths = (
			);
			runOnlyForDeploymentPostprocessing = 0;
			shellPath = /bin/sh;
			shellScript = "MONGO_DB_VERSION=2.4.8\nMONGO_FILE=mongodb-osx-x86_64-$MONGO_DB_VERSION.tgz\nMONGO_URL=http://fastdl.mongodb.org/osx/$MONGO_FILE\nMONGO_DIR=$SRCROOT/mongo\nMONGO_TAR_FILE=$MONGO_DIR/$MONGO_FILE\n\necho \"Checking if $MONGO_TAR_FILE exists\"\nif [[ ! -a $MONGO_TAR_FILE ]]; then\n    echo \"Downloading $MONGO_FILE via $MONGO_URL\"\n    curl $MONGO_URL -o $MONGO_TAR_FILE\n\n    cd $MONGO_DIR\n\n    tar zxvf $MONGO_FILE\n    mv mongodb-osx-x86_64-$MONGO_DB_VERSION mondodb\nfi\n";
		};
/* End PBXShellScriptBuildPhase section */

/* Begin PBXSourcesBuildPhase section */
		655DF4811840A50F000ACE19 /* Sources */ = {
			isa = PBXSourcesBuildPhase;
			buildActionMask = 2147483647;
			files = (
				655A0E9A18428E1000F285DF /* AboutWindowWindowController.m in Sources */,
				655DF49C1840A50F000ACE19 /* AppDelegate.m in Sources */,
				655DF4951840A50F000ACE19 /* main.m in Sources */,
			);
			runOnlyForDeploymentPostprocessing = 0;
		};
		655DF4A21840A50F000ACE19 /* Sources */ = {
			isa = PBXSourcesBuildPhase;
			buildActionMask = 2147483647;
			files = (
				655DF4B31840A50F000ACE19 /* MongoAppTests.m in Sources */,
			);
			runOnlyForDeploymentPostprocessing = 0;
		};
/* End PBXSourcesBuildPhase section */

/* Begin PBXTargetDependency section */
		655DF4AB1840A50F000ACE19 /* PBXTargetDependency */ = {
			isa = PBXTargetDependency;
			target = 655DF4841840A50F000ACE19 /* MongoApp */;
			targetProxy = 655DF4AA1840A50F000ACE19 /* PBXContainerItemProxy */;
		};
/* End PBXTargetDependency section */

/* Begin PBXVariantGroup section */
		655DF4911840A50F000ACE19 /* InfoPlist.strings */ = {
			isa = PBXVariantGroup;
			children = (
				655DF4921840A50F000ACE19 /* en */,
			);
			name = InfoPlist.strings;
			sourceTree = "<group>";
		};
		655DF49D1840A50F000ACE19 /* MainMenu.xib */ = {
			isa = PBXVariantGroup;
			children = (
				655DF49E1840A50F000ACE19 /* Base */,
			);
			name = MainMenu.xib;
			sourceTree = "<group>";
		};
		655DF4AF1840A50F000ACE19 /* InfoPlist.strings */ = {
			isa = PBXVariantGroup;
			children = (
				655DF4B01840A50F000ACE19 /* en */,
			);
			name = InfoPlist.strings;
			sourceTree = "<group>";
		};
/* End PBXVariantGroup section */

/* Begin XCBuildConfiguration section */
		655DF4B41840A50F000ACE19 /* Debug */ = {
			isa = XCBuildConfiguration;
			buildSettings = {
				ALWAYS_SEARCH_USER_PATHS = NO;
				CLANG_CXX_LANGUAGE_STANDARD = "gnu++0x";
				CLANG_CXX_LIBRARY = "libc++";
				CLANG_ENABLE_OBJC_ARC = YES;
				CLANG_WARN_BOOL_CONVERSION = YES;
				CLANG_WARN_CONSTANT_CONVERSION = YES;
				CLANG_WARN_DIRECT_OBJC_ISA_USAGE = YES_ERROR;
				CLANG_WARN_EMPTY_BODY = YES;
				CLANG_WARN_ENUM_CONVERSION = YES;
				CLANG_WARN_INT_CONVERSION = YES;
				CLANG_WARN_OBJC_ROOT_CLASS = YES_ERROR;
				CLANG_WARN__DUPLICATE_METHOD_MATCH = YES;
				COPY_PHASE_STRIP = NO;
				GCC_C_LANGUAGE_STANDARD = gnu99;
				GCC_DYNAMIC_NO_PIC = NO;
				GCC_ENABLE_OBJC_EXCEPTIONS = YES;
				GCC_OPTIMIZATION_LEVEL = 0;
				GCC_PREPROCESSOR_DEFINITIONS = (
					"DEBUG=1",
					"$(inherited)",
				);
				GCC_SYMBOLS_PRIVATE_EXTERN = NO;
				GCC_WARN_64_TO_32_BIT_CONVERSION = YES;
				GCC_WARN_ABOUT_RETURN_TYPE = YES_ERROR;
				GCC_WARN_UNDECLARED_SELECTOR = YES;
				GCC_WARN_UNINITIALIZED_AUTOS = YES;
				GCC_WARN_UNUSED_FUNCTION = YES;
				GCC_WARN_UNUSED_VARIABLE = YES;
				MACOSX_DEPLOYMENT_TARGET = 10.9;
				ONLY_ACTIVE_ARCH = YES;
				SDKROOT = macosx;
			};
			name = Debug;
		};
		655DF4B51840A50F000ACE19 /* Release */ = {
			isa = XCBuildConfiguration;
			buildSettings = {
				ALWAYS_SEARCH_USER_PATHS = NO;
				CLANG_CXX_LANGUAGE_STANDARD = "gnu++0x";
				CLANG_CXX_LIBRARY = "libc++";
				CLANG_ENABLE_OBJC_ARC = YES;
				CLANG_WARN_BOOL_CONVERSION = YES;
				CLANG_WARN_CONSTANT_CONVERSION = YES;
				CLANG_WARN_DIRECT_OBJC_ISA_USAGE = YES_ERROR;
				CLANG_WARN_EMPTY_BODY = YES;
				CLANG_WARN_ENUM_CONVERSION = YES;
				CLANG_WARN_INT_CONVERSION = YES;
				CLANG_WARN_OBJC_ROOT_CLASS = YES_ERROR;
				CLANG_WARN__DUPLICATE_METHOD_MATCH = YES;
				COPY_PHASE_STRIP = YES;
				DEBUG_INFORMATION_FORMAT = "dwarf-with-dsym";
				ENABLE_NS_ASSERTIONS = NO;
				GCC_C_LANGUAGE_STANDARD = gnu99;
				GCC_ENABLE_OBJC_EXCEPTIONS = YES;
				GCC_WARN_64_TO_32_BIT_CONVERSION = YES;
				GCC_WARN_ABOUT_RETURN_TYPE = YES_ERROR;
				GCC_WARN_UNDECLARED_SELECTOR = YES;
				GCC_WARN_UNINITIALIZED_AUTOS = YES;
				GCC_WARN_UNUSED_FUNCTION = YES;
				GCC_WARN_UNUSED_VARIABLE = YES;
				MACOSX_DEPLOYMENT_TARGET = 10.9;
				SDKROOT = macosx;
			};
			name = Release;
		};
		655DF4B71840A50F000ACE19 /* Debug */ = {
			isa = XCBuildConfiguration;
			buildSettings = {
				ASSETCATALOG_COMPILER_APPICON_NAME = AppIcon;
				CODE_SIGN_ENTITLEMENTS = MongoApp/MongoApp.entitlements;
				CODE_SIGN_IDENTITY = "Developer ID Application";
				COMBINE_HIDPI_IMAGES = YES;
				GCC_PRECOMPILE_PREFIX_HEADER = YES;
				GCC_PREFIX_HEADER = "MongoApp/MongoApp-Prefix.pch";
				INFOPLIST_FILE = "MongoApp/MongoApp-Info.plist";
				MACOSX_DEPLOYMENT_TARGET = 10.8;
				PRODUCT_NAME = "$(TARGET_NAME)";
				WRAPPER_EXTENSION = app;
			};
			name = Debug;
		};
		655DF4B81840A50F000ACE19 /* Release */ = {
			isa = XCBuildConfiguration;
			buildSettings = {
				ASSETCATALOG_COMPILER_APPICON_NAME = AppIcon;
				CODE_SIGN_ENTITLEMENTS = MongoApp/MongoApp.entitlements;
				CODE_SIGN_IDENTITY = "Developer ID Application";
				COMBINE_HIDPI_IMAGES = YES;
				GCC_PRECOMPILE_PREFIX_HEADER = YES;
				GCC_PREFIX_HEADER = "MongoApp/MongoApp-Prefix.pch";
				INFOPLIST_FILE = "MongoApp/MongoApp-Info.plist";
				MACOSX_DEPLOYMENT_TARGET = 10.8;
				PRODUCT_NAME = "$(TARGET_NAME)";
				WRAPPER_EXTENSION = app;
			};
			name = Release;
		};
		655DF4BA1840A50F000ACE19 /* Debug */ = {
			isa = XCBuildConfiguration;
			buildSettings = {
				BUNDLE_LOADER = "$(BUILT_PRODUCTS_DIR)/MongoApp.app/Contents/MacOS/MongoApp";
				COMBINE_HIDPI_IMAGES = YES;
				FRAMEWORK_SEARCH_PATHS = (
					"$(DEVELOPER_FRAMEWORKS_DIR)",
					"$(inherited)",
				);
				GCC_PRECOMPILE_PREFIX_HEADER = YES;
				GCC_PREFIX_HEADER = "MongoApp/MongoApp-Prefix.pch";
				GCC_PREPROCESSOR_DEFINITIONS = (
					"DEBUG=1",
					"$(inherited)",
				);
				INFOPLIST_FILE = "MongoAppTests/MongoAppTests-Info.plist";
				PRODUCT_NAME = "$(TARGET_NAME)";
				TEST_HOST = "$(BUNDLE_LOADER)";
				WRAPPER_EXTENSION = xctest;
			};
			name = Debug;
		};
		655DF4BB1840A50F000ACE19 /* Release */ = {
			isa = XCBuildConfiguration;
			buildSettings = {
				BUNDLE_LOADER = "$(BUILT_PRODUCTS_DIR)/MongoApp.app/Contents/MacOS/MongoApp";
				COMBINE_HIDPI_IMAGES = YES;
				FRAMEWORK_SEARCH_PATHS = (
					"$(DEVELOPER_FRAMEWORKS_DIR)",
					"$(inherited)",
				);
				GCC_PRECOMPILE_PREFIX_HEADER = YES;
				GCC_PREFIX_HEADER = "MongoApp/MongoApp-Prefix.pch";
				INFOPLIST_FILE = "MongoAppTests/MongoAppTests-Info.plist";
				PRODUCT_NAME = "$(TARGET_NAME)";
				TEST_HOST = "$(BUNDLE_LOADER)";
				WRAPPER_EXTENSION = xctest;
			};
			name = Release;
		};
/* End XCBuildConfiguration section */

/* Begin XCConfigurationList section */
		655DF4801840A50F000ACE19 /* Build configuration list for PBXProject "MongoApp" */ = {
			isa = XCConfigurationList;
			buildConfigurations = (
				655DF4B41840A50F000ACE19 /* Debug */,
				655DF4B51840A50F000ACE19 /* Release */,
			);
			defaultConfigurationIsVisible = 0;
			defaultConfigurationName = Release;
		};
		655DF4B61840A50F000ACE19 /* Build configuration list for PBXNativeTarget "MongoApp" */ = {
			isa = XCConfigurationList;
			buildConfigurations = (
				655DF4B71840A50F000ACE19 /* Debug */,
				655DF4B81840A50F000ACE19 /* Release */,
			);
			defaultConfigurationIsVisible = 0;
			defaultConfigurationName = Release;
		};
		655DF4B91840A50F000ACE19 /* Build configuration list for PBXNativeTarget "MongoAppTests" */ = {
			isa = XCConfigurationList;
			buildConfigurations = (
				655DF4BA1840A50F000ACE19 /* Debug */,
				655DF4BB1840A50F000ACE19 /* Release */,
			);
			defaultConfigurationIsVisible = 0;
			defaultConfigurationName = Release;
		};
/* End XCConfigurationList section */
	};
	rootObject = 655DF47D1840A50F000ACE19 /* Project object */;
}
